
Microsoft Visual Studio Solution File, Format Version 12.00
# Visual Studio 15
VisualStudioVersion = 15.0.27130.0
MinimumVisualStudioVersion = 10.0.40219.1
Project("{8BC9CEB8-8B4A-11D0-8D11-00A0C91BC942}") = "FileMgr", "FileMgr\FileMgr.vcxproj", "{DDEE27FF-855E-4D10-AD7B-79CB8966EF13}"
EndProject
Project("{8BC9CEB8-8B4A-11D0-8D11-00A0C91BC942}") = "Executive", "NoSQLDB\Executive\Executive.vcxproj", "{7CC2C0A5-F346-4AE8-87AA-D7F3D1753CD6}"
EndProject
Project("{8BC9CEB8-8B4A-11D0-8D11-00A0C91BC942}") = "PayLoad", "NoSQLDB\PayLoad\PayLoad.vcxproj", "{CDEF5B56-A678-444B-A782-F85F542C33BC}"
EndProject
Project("{8BC9CEB8-8B4A-11D0-8D11-00A0C91BC942}") = "XmlDocument", "NoSQLDB\XmlDocument\XmlDocument\XmlDocument.vcxproj", "{0A82ECDC-7520-453A-8F2C-D813FEEE7537}"
EndProject
Project("{8BC9CEB8-8B4A-11D0-8D11-00A0C91BC942}") = "RepoExec", "RepoExec\RepoExec.vcxproj", "{C73E4835-A3A1-49E6-884B-23E037364EA8}"
EndProject
Project("{8BC9CEB8-8B4A-11D0-8D11-00A0C91BC942}") = "RepositoryCore", "RepositoryCore\RepositoryCore.vcxproj", "{984C51A9-B2D0-49C6-A02B-0F446D7C8C53}"
EndProject
Project("{8BC9CEB8-8B4A-11D0-8D11-00A0C91BC942}") = "Version", "Version\Version.vcxproj", "{F4BEA403-195B-4367-B1E1-6DBB8C081E46}"
EndProject
Project("{8BC9CEB8-8B4A-11D0-8D11-00A0C91BC942}") = "Checkin", "Checkin\Checkin.vcxproj", "{A4E287B4-57F9-4874-A199-C48F737BCCE8}"
EndProject
Project("{8BC9CEB8-8B4A-11D0-8D11-00A0C91BC942}") = "Checkout", "Checkout\Checkout.vcxproj", "{1F01A591-11F4-41C7-8077-D959432F340D}"
EndProject
Project("{8BC9CEB8-8B4A-11D0-8D11-00A0C91BC942}") = "Browse", "Browse\Browse.vcxproj", "{5D610B32-1161-49AD-92FB-4FEB0C58708C}"
EndProject
Project("{8BC9CEB8-8B4A-11D0-8D11-00A0C91BC942}") = "Process", "Process\Process.vcxproj", "{5E2548A1-C280-49E1-A2B6-55F4BA12B3F2}"
EndProject
Project("{8BC9CEB8-8B4A-11D0-8D11-00A0C91BC942}") = "Test", "Test\Test.vcxproj", "{0481FCBF-F8F8-40CD-9BD0-CE0B017E609C}"
EndProject
Project("{8BC9CEB8-8B4A-11D0-8D11-00A0C91BC942}") = "RepoXmlUtil", "RepoXmlUtil\RepoXmlUtil.vcxproj", "{468E8665-A823-496D-B924-E60D8621F50E}"
EndProject
Global
	GlobalSection(SolutionConfigurationPlatforms) = preSolution
		Debug|x64 = Debug|x64
		Debug|x86 = Debug|x86
		Release|x64 = Release|x64
		Release|x86 = Release|x86
	EndGlobalSection
	GlobalSection(ProjectConfigurationPlatforms) = postSolution
		{DDEE27FF-855E-4D10-AD7B-79CB8966EF13}.Debug|x64.ActiveCfg = Debug|Win32
		{DDEE27FF-855E-4D10-AD7B-79CB8966EF13}.Debug|x86.ActiveCfg = Debug|Win32
		{DDEE27FF-855E-4D10-AD7B-79CB8966EF13}.Debug|x86.Build.0 = Debug|Win32
		{DDEE27FF-855E-4D10-AD7B-79CB8966EF13}.Release|x64.ActiveCfg = Release|Win32
		{DDEE27FF-855E-4D10-AD7B-79CB8966EF13}.Release|x86.ActiveCfg = Release|Win32
		{DDEE27FF-855E-4D10-AD7B-79CB8966EF13}.Release|x86.Build.0 = Release|Win32
		{7CC2C0A5-F346-4AE8-87AA-D7F3D1753CD6}.Debug|x64.ActiveCfg = Debug|x64
		{7CC2C0A5-F346-4AE8-87AA-D7F3D1753CD6}.Debug|x64.Build.0 = Debug|x64
		{7CC2C0A5-F346-4AE8-87AA-D7F3D1753CD6}.Debug|x86.ActiveCfg = Debug|Win32
		{7CC2C0A5-F346-4AE8-87AA-D7F3D1753CD6}.Debug|x86.Build.0 = Debug|Win32
		{7CC2C0A5-F346-4AE8-87AA-D7F3D1753CD6}.Release|x64.ActiveCfg = Release|x64
		{7CC2C0A5-F346-4AE8-87AA-D7F3D1753CD6}.Release|x64.Build.0 = Release|x64
		{7CC2C0A5-F346-4AE8-87AA-D7F3D1753CD6}.Release|x86.ActiveCfg = Release|Win32
		{7CC2C0A5-F346-4AE8-87AA-D7F3D1753CD6}.Release|x86.Build.0 = Release|Win32
		{CDEF5B56-A678-444B-A782-F85F542C33BC}.Debug|x64.ActiveCfg = Debug|x64
		{CDEF5B56-A678-444B-A782-F85F542C33BC}.Debug|x64.Build.0 = Debug|x64
		{CDEF5B56-A678-444B-A782-F85F542C33BC}.Debug|x86.ActiveCfg = Debug|Win32
		{CDEF5B56-A678-444B-A782-F85F542C33BC}.Debug|x86.Build.0 = Debug|Win32
		{CDEF5B56-A678-444B-A782-F85F542C33BC}.Release|x64.ActiveCfg = Release|x64
		{CDEF5B56-A678-444B-A782-F85F542C33BC}.Release|x64.Build.0 = Release|x64
		{CDEF5B56-A678-444B-A782-F85F542C33BC}.Release|x86.ActiveCfg = Release|Win32
		{CDEF5B56-A678-444B-A782-F85F542C33BC}.Release|x86.Build.0 = Release|Win32
		{0A82ECDC-7520-453A-8F2C-D813FEEE7537}.Debug|x64.ActiveCfg = Debug|Win32
		{0A82ECDC-7520-453A-8F2C-D813FEEE7537}.Debug|x86.ActiveCfg = Debug|Win32
		{0A82ECDC-7520-453A-8F2C-D813FEEE7537}.Debug|x86.Build.0 = Debug|Win32
		{0A82ECDC-7520-453A-8F2C-D813FEEE7537}.Release|x64.ActiveCfg = Release|Win32
		{0A82ECDC-7520-453A-8F2C-D813FEEE7537}.Release|x86.ActiveCfg = Release|Win32
		{0A82ECDC-7520-453A-8F2C-D813FEEE7537}.Release|x86.Build.0 = Release|Win32
		{C73E4835-A3A1-49E6-884B-23E037364EA8}.Debug|x64.ActiveCfg = Debug|x64
		{C73E4835-A3A1-49E6-884B-23E037364EA8}.Debug|x64.Build.0 = Debug|x64
		{C73E4835-A3A1-49E6-884B-23E037364EA8}.Debug|x86.ActiveCfg = Debug|Win32
		{C73E4835-A3A1-49E6-884B-23E037364EA8}.Debug|x86.Build.0 = Debug|Win32
		{C73E4835-A3A1-49E6-884B-23E037364EA8}.Release|x64.ActiveCfg = Release|x64
		{C73E4835-A3A1-49E6-884B-23E037364EA8}.Release|x64.Build.0 = Release|x64
		{C73E4835-A3A1-49E6-884B-23E037364EA8}.Release|x86.ActiveCfg = Release|Win32
		{C73E4835-A3A1-49E6-884B-23E037364EA8}.Release|x86.Build.0 = Release|Win32
		{984C51A9-B2D0-49C6-A02B-0F446D7C8C53}.Debug|x64.ActiveCfg = Debug|x64
		{984C51A9-B2D0-49C6-A02B-0F446D7C8C53}.Debug|x64.Build.0 = Debug|x64
		{984C51A9-B2D0-49C6-A02B-0F446D7C8C53}.Debug|x86.ActiveCfg = Debug|Win32
		{984C51A9-B2D0-49C6-A02B-0F446D7C8C53}.Debug|x86.Build.0 = Debug|Win32
		{984C51A9-B2D0-49C6-A02B-0F446D7C8C53}.Release|x64.ActiveCfg = Release|x64
		{984C51A9-B2D0-49C6-A02B-0F446D7C8C53}.Release|x64.Build.0 = Release|x64
		{984C51A9-B2D0-49C6-A02B-0F446D7C8C53}.Release|x86.ActiveCfg = Release|Win32
		{984C51A9-B2D0-49C6-A02B-0F446D7C8C53}.Release|x86.Build.0 = Release|Win32
		{F4BEA403-195B-4367-B1E1-6DBB8C081E46}.Debug|x64.ActiveCfg = Debug|x64
		{F4BEA403-195B-4367-B1E1-6DBB8C081E46}.Debug|x64.Build.0 = Debug|x64
		{F4BEA403-195B-4367-B1E1-6DBB8C081E46}.Debug|x86.ActiveCfg = Debug|Win32
		{F4BEA403-195B-4367-B1E1-6DBB8C081E46}.Debug|x86.Build.0 = Debug|Win32
		{F4BEA403-195B-4367-B1E1-6DBB8C081E46}.Release|x64.ActiveCfg = Release|x64
		{F4BEA403-195B-4367-B1E1-6DBB8C081E46}.Release|x64.Build.0 = Release|x64
		{F4BEA403-195B-4367-B1E1-6DBB8C081E46}.Release|x86.ActiveCfg = Release|Win32
		{F4BEA403-195B-4367-B1E1-6DBB8C081E46}.Release|x86.Build.0 = Release|Win32
		{A4E287B4-57F9-4874-A199-C48F737BCCE8}.Debug|x64.ActiveCfg = Debug|x64
		{A4E287B4-57F9-4874-A199-C48F737BCCE8}.Debug|x64.Build.0 = Debug|x64
		{A4E287B4-57F9-4874-A199-C48F737BCCE8}.Debug|x86.ActiveCfg = Debug|Win32
		{A4E287B4-57F9-4874-A199-C48F737BCCE8}.Debug|x86.Build.0 = Debug|Win32
		{A4E287B4-57F9-4874-A199-C48F737BCCE8}.Release|x64.ActiveCfg = Release|x64
		{A4E287B4-57F9-4874-A199-C48F737BCCE8}.Release|x64.Build.0 = Release|x64
		{A4E287B4-57F9-4874-A199-C48F737BCCE8}.Release|x86.ActiveCfg = Release|Win32
		{A4E287B4-57F9-4874-A199-C48F737BCCE8}.Release|x86.Build.0 = Release|Win32
		{1F01A591-11F4-41C7-8077-D959432F340D}.Debug|x64.ActiveCfg = Debug|x64
		{1F01A591-11F4-41C7-8077-D959432F340D}.Debug|x64.Build.0 = Debug|x64
		{1F01A591-11F4-41C7-8077-D959432F340D}.Debug|x86.ActiveCfg = Debug|Win32
		{1F01A591-11F4-41C7-8077-D959432F340D}.Debug|x86.Build.0 = Debug|Win32
		{1F01A591-11F4-41C7-8077-D959432F340D}.Release|x64.ActiveCfg = Release|x64
		{1F01A591-11F4-41C7-8077-D959432F340D}.Release|x64.Build.0 = Release|x64
		{1F01A591-11F4-41C7-8077-D959432F340D}.Release|x86.ActiveCfg = Release|Win32
		{1F01A591-11F4-41C7-8077-D959432F340D}.Release|x86.Build.0 = Release|Win32
		{5D610B32-1161-49AD-92FB-4FEB0C58708C}.Debug|x64.ActiveCfg = Debug|x64
		{5D610B32-1161-49AD-92FB-4FEB0C58708C}.Debug|x64.Build.0 = Debug|x64
		{5D610B32-1161-49AD-92FB-4FEB0C58708C}.Debug|x86.ActiveCfg = Debug|Win32
		{5D610B32-1161-49AD-92FB-4FEB0C58708C}.Debug|x86.Build.0 = Debug|Win32
		{5D610B32-1161-49AD-92FB-4FEB0C58708C}.Release|x64.ActiveCfg = Release|x64
		{5D610B32-1161-49AD-92FB-4FEB0C58708C}.Release|x64.Build.0 = Release|x64
		{5D610B32-1161-49AD-92FB-4FEB0C58708C}.Release|x86.ActiveCfg = Release|Win32
		{5D610B32-1161-49AD-92FB-4FEB0C58708C}.Release|x86.Build.0 = Release|Win32
		{5E2548A1-C280-49E1-A2B6-55F4BA12B3F2}.Debug|x64.ActiveCfg = Debug|x64
		{5E2548A1-C280-49E1-A2B6-55F4BA12B3F2}.Debug|x64.Build.0 = Debug|x64
		{5E2548A1-C280-49E1-A2B6-55F4BA12B3F2}.Debug|x86.ActiveCfg = Debug|Win32
		{5E2548A1-C280-49E1-A2B6-55F4BA12B3F2}.Debug|x86.Build.0 = Debug|Win32
		{5E2548A1-C280-49E1-A2B6-55F4BA12B3F2}.Release|x64.ActiveCfg = Release|x64
		{5E2548A1-C280-49E1-A2B6-55F4BA12B3F2}.Release|x64.Build.0 = Release|x64
		{5E2548A1-C280-49E1-A2B6-55F4BA12B3F2}.Release|x86.ActiveCfg = Release|Win32
		{5E2548A1-C280-49E1-A2B6-55F4BA12B3F2}.Release|x86.Build.0 = Release|Win32
		{0481FCBF-F8F8-40CD-9BD0-CE0B017E609C}.Debug|x64.ActiveCfg = Debug|x64
		{0481FCBF-F8F8-40CD-9BD0-CE0B017E609C}.Debug|x64.Build.0 = Debug|x64
		{0481FCBF-F8F8-40CD-9BD0-CE0B017E609C}.Debug|x86.ActiveCfg = Debug|Win32
		{0481FCBF-F8F8-40CD-9BD0-CE0B017E609C}.Debug|x86.Build.0 = Debug|Win32
		{0481FCBF-F8F8-40CD-9BD0-CE0B017E609C}.Release|x64.ActiveCfg = Release|x64
		{0481FCBF-F8F8-40CD-9BD0-CE0B017E609C}.Release|x64.Build.0 = Release|x64
		{0481FCBF-F8F8-40CD-9BD0-CE0B017E609C}.Release|x86.ActiveCfg = Release|Win32
		{0481FCBF-F8F8-40CD-9BD0-CE0B017E609C}.Release|x86.Build.0 = Release|Win32
		{468E8665-A823-496D-B924-E60D8621F50E}.Debug|x64.ActiveCfg = Debug|x64
		{468E8665-A823-496D-B924-E60D8621F50E}.Debug|x64.Build.0 = Debug|x64
		{468E8665-A823-496D-B924-E60D8621F50E}.Debug|x86.ActiveCfg = Debug|Win32
		{468E8665-A823-496D-B924-E60D8621F50E}.Debug|x86.Build.0 = Debug|Win32
		{468E8665-A823-496D-B924-E60D8621F50E}.Release|x64.ActiveCfg = Release|x64
		{468E8665-A823-496D-B924-E60D8621F50E}.Release|x64.Build.0 = Release|x64
		{468E8665-A823-496D-B924-E60D8621F50E}.Release|x86.ActiveCfg = Release|Win32
		{468E8665-A823-496D-B924-E60D8621F50E}.Release|x86.Build.0 = Release|Win32
	EndGlobalSection
	GlobalSection(SolutionProperties) = preSolution
		HideSolutionNode = FALSE
	EndGlobalSection
	GlobalSection(ExtensibilityGlobals) = postSolution
		SolutionGuid = {9B236969-535B-40B2-A318-D42AD34C9D37}
	EndGlobalSection
EndGlobal
